{
  "lockfileVersion": 1,
  "workspaces": {
    "": {
      "name": "paste-sarl",
      "dependencies": {
        "@fontsource-variable/chivo-mono": "^5.2.8",
        "@fontsource-variable/martian-mono": "^5.2.7",
        "@fontsource/sniglet": "^5.2.8",
        "lucide": "^1.8.0",
        "lz-string": "^1.5.0",
      },
      "devDependencies": {
        "@types/bun": "latest",
      },
      "peerDependencies": {
        "typescript": "^5",
      },
    },
  },
  "packages": {
    "@fontsource-variable/chivo-mono": ["@fontsource-variable/chivo-mono@5.2.8", "", {}, "sha512-UcIsV0jrlNY5Svx3wxvUflC3ziPRDWVUvvZJA13n6TK6umZIpeOkuSbysZiuch4u9bp22fzTSb7HE0FJ9y0juw=="],

    "@fontsource-variable/martian-mono": ["@fontsource-variable/martian-mono@5.2.7", "", {}, "sha512-tchlJXmyjMLQLbhYh5kCwZIVXsTxfvfTAZ32nIrszWCJnEIqTpRloMvJPOpQA9BBCaOvvV5k0nI633dlqJsPRw=="],

    "@fontsource/sniglet": ["@fontsource/sniglet@5.2.8", "", {}, "sha512-K2ESFqkw2AxBCu5Ar//ixp5el8lEcdmk8uDWj0jT1uiC82RFjQXq+PFvAA64Nd2TpHygafH7lY9K9493dzPXqw=="],

    "@types/bun": ["@types/bun@1.3.12", "", { "dependencies": { "bun-types": "1.3.12" } }, "sha512-DBv81elK+/VSwXHDlnH3Qduw+KxkTIWi7TXkAeh24zpi5l0B2kUg9Ga3tb4nJaPcOFswflgi/yAvMVBPrxMB+A=="],

    "@types/node": ["@types/node@25.6.0", "", { "dependencies": { "undici-types": "~7.19.0" } }, "sha512-+qIYRKdNYJwY3vRCZMdJbPLJAtGjQBudzZzdzwQYkEPQd+PJGixUL5QfvCLDaULoLv+RhT3LDkwEfKaAkgSmNQ=="],

    "bun-types": ["bun-types@1.3.12", "", { "dependencies": { "@types/node": "*" } }, "sha512-HqOLj5PoFajAQciOMRiIZGNoKxDJSr6qigAttOX40vJuSp6DN/CxWp9s3C1Xwm4oH7ybueITwiaOcWXoYVoRkA=="],

    "lucide": ["lucide@1.8.0", "", {}, "sha512-JjV/QnadgFLj1Pyu9IKl0lknrolFEzo04B64QcYLLeRzZl/iEHpdbSrRRKbyXcv45SZNv+WGjIUCT33e7xHO6Q=="],

    "lz-string": ["lz-string@1.5.0", "", { "bin": { "lz-string": "bin/bin.js" } }, "sha512-h5bgJWpxJNswbU7qCrV0tIKQCaS3blPDrqKWx+QxzuzL1zGUzij9XCWLrSLsJPu5t+eWA/ycetzYAO5IOMcWAQ=="],

    "typescript": ["typescript@5.9.3", "", { "bin": { "tsc": "bin/tsc", "tsserver": "bin/tsserver" } }, "sha512-jl1vZzPDinLr9eUt3J/t7V6FgNEw9QjvBPdysz9KfQDD41fQrC2Y4vKQdiaUpFT4bXlb1RHhLpp8wtm6M5TgSw=="],

    "undici-types": ["undici-types@7.19.2", "", {}, "sha512-qYVnV5OEm2AW8cJMCpdV20CDyaN3g0AjDlOGf1OW4iaDEx8MwdtChUp4zu4H0VP3nDRF/8RKWH+IPp9uW0YGZg=="],
  }
}
